
Microsoft Visual Studio Solution File, Format Version 12.00
# Visual Studio 15
VisualStudioVersion = 15.0.27130.2036
MinimumVisualStudioVersion = 10.0.40219.1
Project("{FAE04EC0-301F-11D3-BF4B-00C04F79EFBC}") = "Lab10", "Lab10.csproj", "{CEEA56D2-DF1D-4FD5-83F8-5377FA85EE3E}"
EndProject
Global
	GlobalSection(SolutionConfigurationPlatforms) = preSolution
		Debug|Any CPU = Debug|Any CPU
		Release|Any CPU = Release|Any CPU
	EndGlobalSection
	GlobalSection(ProjectConfigurationPlatforms) = postSolution
		{CEEA56D2-DF1D-4FD5-83F8-5377FA85EE3E}.Debug|Any CPU.ActiveCfg = Debug|Any CPU
		{CEEA56D2-DF1D-4FD5-83F8-5377FA85EE3E}.Debug|Any CPU.Build.0 = Debug|Any CPU
		{CEEA56D2-DF1D-4FD5-83F8-5377FA85EE3E}.Release|Any CPU.ActiveCfg = Release|Any CPU
		{CEEA56D2-DF1D-4FD5-83F8-5377FA85EE3E}.Release|Any CPU.Build.0 = Release|Any CPU
	EndGlobalSection
	GlobalSection(SolutionProperties) = preSolution
		HideSolutionNode = FALSE
	EndGlobalSection
	GlobalSection(ExtensibilityGlobals) = postSolution
		SolutionGuid = {B9748043-FC54-43E9-9115-8FC2B9966AF3}
	EndGlobalSection
EndGlobal
